
Microsoft Visual Studio Solution File, Format Version 12.00
# Visual Studio Version 17
VisualStudioVersion = 17.3.32929.385
MinimumVisualStudioVersion = 10.0.40219.1
Project("{9A19103F-16F7-4668-BE54-9A1E7A4F7556}") = "MovieRestfullAPI", "MovieRestfullAPI.csproj", "{3BA9F886-70C2-434B-84C8-2C665E0B47BA}"
EndProject
Project("{FAE04EC0-301F-11D3-BF4B-00C04F79EFBC}") = "MovieRestfullAPI.Tests", "MovieRestfullAPI.Tests\MovieRestfullAPI.Tests.csproj", "{3D3F4270-03D2-46F6-BA39-26FE47927CB3}"
EndProject
Global
	GlobalSection(SolutionConfigurationPlatforms) = preSolution
		Debug|Any CPU = Debug|Any CPU
		Release|Any CPU = Release|Any CPU
	EndGlobalSection
	GlobalSection(ProjectConfigurationPlatforms) = postSolution
		{3BA9F886-70C2-434B-84C8-2C665E0B47BA}.Debug|Any CPU.ActiveCfg = Debug|Any CPU
		{3BA9F886-70C2-434B-84C8-2C665E0B47BA}.Debug|Any CPU.Build.0 = Debug|Any CPU
		{3BA9F886-70C2-434B-84C8-2C665E0B47BA}.Release|Any CPU.ActiveCfg = Release|Any CPU
		{3BA9F886-70C2-434B-84C8-2C665E0B47BA}.Release|Any CPU.Build.0 = Release|Any CPU
		{3D3F4270-03D2-46F6-BA39-26FE47927CB3}.Debug|Any CPU.ActiveCfg = Debug|Any CPU
		{3D3F4270-03D2-46F6-BA39-26FE47927CB3}.Debug|Any CPU.Build.0 = Debug|Any CPU
		{3D3F4270-03D2-46F6-BA39-26FE47927CB3}.Release|Any CPU.ActiveCfg = Release|Any CPU
		{3D3F4270-03D2-46F6-BA39-26FE47927CB3}.Release|Any CPU.Build.0 = Release|Any CPU
	EndGlobalSection
	GlobalSection(SolutionProperties) = preSolution
		HideSolutionNode = FALSE
	EndGlobalSection
	GlobalSection(ExtensibilityGlobals) = postSolution
		SolutionGuid = {6BE5573C-D5DE-424B-8B5C-4A89471932D6}
	EndGlobalSection
EndGlobal
